
Microsoft Visual Studio Solution File, Format Version 12.00
# Visual Studio Version 17
VisualStudioVersion = 17.3.32901.215
MinimumVisualStudioVersion = 10.0.40219.1
Project("{FAE04EC0-301F-11D3-BF4B-00C04F79EFBC}") = "Lab1", "Lab1.csproj", "{87E43C83-B4C2-456A-9883-29AF47BD560C}"
EndProject
Global
	GlobalSection(SolutionConfigurationPlatforms) = preSolution
		Debug|Any CPU = Debug|Any CPU
		Release|Any CPU = Release|Any CPU
	EndGlobalSection
	GlobalSection(ProjectConfigurationPlatforms) = postSolution
		{87E43C83-B4C2-456A-9883-29AF47BD560C}.Debug|Any CPU.ActiveCfg = Debug|Any CPU
		{87E43C83-B4C2-456A-9883-29AF47BD560C}.Debug|Any CPU.Build.0 = Debug|Any CPU
		{87E43C83-B4C2-456A-9883-29AF47BD560C}.Release|Any CPU.ActiveCfg = Release|Any CPU
		{87E43C83-B4C2-456A-9883-29AF47BD560C}.Release|Any CPU.Build.0 = Release|Any CPU
	EndGlobalSection
	GlobalSection(SolutionProperties) = preSolution
		HideSolutionNode = FALSE
	EndGlobalSection
	GlobalSection(ExtensibilityGlobals) = postSolution
		SolutionGuid = {AB7A4632-0031-4C0B-8613-6E3381F9E4F2}
	EndGlobalSection
EndGlobal
